
Microsoft Visual Studio Solution File, Format Version 12.00
# Visual Studio Version 16
VisualStudioVersion = 16.0.29306.81
MinimumVisualStudioVersion = 10.0.40219.1
Project("{8BC9CEB8-8B4A-11D0-8D11-00A0C91BC942}") = "simpleTexture", "simpleTexture\simpleTexture.vcxproj", "{09B32D46-11DA-483F-BF36-D7A651DE6CA4}"
EndProject
Global
	GlobalSection(SolutionConfigurationPlatforms) = preSolution
		Debug|x64 = Debug|x64
		Release|x64 = Release|x64
	EndGlobalSection
	GlobalSection(ProjectConfigurationPlatforms) = postSolution
		{09B32D46-11DA-483F-BF36-D7A651DE6CA4}.Debug|x64.ActiveCfg = Debug|x64
		{09B32D46-11DA-483F-BF36-D7A651DE6CA4}.Debug|x64.Build.0 = Debug|x64
		{09B32D46-11DA-483F-BF36-D7A651DE6CA4}.Release|x64.ActiveCfg = Release|x64
		{09B32D46-11DA-483F-BF36-D7A651DE6CA4}.Release|x64.Build.0 = Release|x64
	EndGlobalSection
	GlobalSection(SolutionProperties) = preSolution
		HideSolutionNode = FALSE
	EndGlobalSection
	GlobalSection(ExtensibilityGlobals) = postSolution
		SolutionGuid = {4818E80C-4029-472B-AA41-882B18E14CBB}
	EndGlobalSection
EndGlobal
