
Microsoft Visual Studio Solution File, Format Version 12.00
# Visual Studio Version 16
VisualStudioVersion = 16.0.29306.81
MinimumVisualStudioVersion = 10.0.40219.1
Project("{8BC9CEB8-8B4A-11D0-8D11-00A0C91BC942}") = "HelloWorldCUDA", "HelloWorldCUDA\HelloWorldCUDA.vcxproj", "{36C5A851-3CC4-4D08-9B30-61256D4292F3}"
EndProject
Global
	GlobalSection(SolutionConfigurationPlatforms) = preSolution
		Debug|x64 = Debug|x64
		Debug|x86 = Debug|x86
		Release|x64 = Release|x64
		Release|x86 = Release|x86
	EndGlobalSection
	GlobalSection(ProjectConfigurationPlatforms) = postSolution
		{36C5A851-3CC4-4D08-9B30-61256D4292F3}.Debug|x64.ActiveCfg = Debug|x64
		{36C5A851-3CC4-4D08-9B30-61256D4292F3}.Debug|x64.Build.0 = Debug|x64
		{36C5A851-3CC4-4D08-9B30-61256D4292F3}.Debug|x86.ActiveCfg = Debug|Win32
		{36C5A851-3CC4-4D08-9B30-61256D4292F3}.Debug|x86.Build.0 = Debug|Win32
		{36C5A851-3CC4-4D08-9B30-61256D4292F3}.Release|x64.ActiveCfg = Release|x64
		{36C5A851-3CC4-4D08-9B30-61256D4292F3}.Release|x64.Build.0 = Release|x64
		{36C5A851-3CC4-4D08-9B30-61256D4292F3}.Release|x86.ActiveCfg = Release|Win32
		{36C5A851-3CC4-4D08-9B30-61256D4292F3}.Release|x86.Build.0 = Release|Win32
	EndGlobalSection
	GlobalSection(SolutionProperties) = preSolution
		HideSolutionNode = FALSE
	EndGlobalSection
	GlobalSection(ExtensibilityGlobals) = postSolution
		SolutionGuid = {9BAF9C82-71F3-4BF8-A85C-560CE322CC52}
	EndGlobalSection
EndGlobal
